
Microsoft Visual Studio Solution File, Format Version 12.00
# Visual Studio 15
VisualStudioVersion = 15.0.28010.2026
MinimumVisualStudioVersion = 10.0.40219.1
Project("{FAE04EC0-301F-11D3-BF4B-00C04F79EFBC}") = "BattleShip", "BattleShip\BattleShip.csproj", "{607C08D5-2655-4933-B374-BDC70400E89B}"
	ProjectSection(ProjectDependencies) = postProject
		{D7D222BA-00C4-406C-93E0-5EC08ABB90FE} = {D7D222BA-00C4-406C-93E0-5EC08ABB90FE}
	EndProjectSection
EndProject
Project("{FAE04EC0-301F-11D3-BF4B-00C04F79EFBC}") = "BattleshipLibrary", "BattleshipLibrary\BattleshipLibrary.csproj", "{D7D222BA-00C4-406C-93E0-5EC08ABB90FE}"
EndProject
Global
	GlobalSection(SolutionConfigurationPlatforms) = preSolution
		Debug|Any CPU = Debug|Any CPU
		Release|Any CPU = Release|Any CPU
	EndGlobalSection
	GlobalSection(ProjectConfigurationPlatforms) = postSolution
		{607C08D5-2655-4933-B374-BDC70400E89B}.Debug|Any CPU.ActiveCfg = Debug|Any CPU
		{607C08D5-2655-4933-B374-BDC70400E89B}.Debug|Any CPU.Build.0 = Debug|Any CPU
		{607C08D5-2655-4933-B374-BDC70400E89B}.Release|Any CPU.ActiveCfg = Release|Any CPU
		{607C08D5-2655-4933-B374-BDC70400E89B}.Release|Any CPU.Build.0 = Release|Any CPU
		{D7D222BA-00C4-406C-93E0-5EC08ABB90FE}.Debug|Any CPU.ActiveCfg = Debug|Any CPU
		{D7D222BA-00C4-406C-93E0-5EC08ABB90FE}.Debug|Any CPU.Build.0 = Debug|Any CPU
		{D7D222BA-00C4-406C-93E0-5EC08ABB90FE}.Release|Any CPU.ActiveCfg = Release|Any CPU
		{D7D222BA-00C4-406C-93E0-5EC08ABB90FE}.Release|Any CPU.Build.0 = Release|Any CPU
	EndGlobalSection
	GlobalSection(SolutionProperties) = preSolution
		HideSolutionNode = FALSE
	EndGlobalSection
	GlobalSection(ExtensibilityGlobals) = postSolution
		SolutionGuid = {2F7310B4-74C8-46EC-9794-7089D79E85E7}
	EndGlobalSection
EndGlobal
